
Microsoft Visual Studio Solution File, Format Version 12.00
# Visual Studio Version 17
VisualStudioVersion = 17.9.34616.47
MinimumVisualStudioVersion = 10.0.40219.1
Project("{FAE04EC0-301F-11D3-BF4B-00C04F79EFBC}") = "yemektarifleri", "yemektarifleri.csproj", "{AB44000A-3E5B-4FE5-A2F4-2DA14AF5F054}"
EndProject
Global
	GlobalSection(SolutionConfigurationPlatforms) = preSolution
		Debug|Any CPU = Debug|Any CPU
		Release|Any CPU = Release|Any CPU
	EndGlobalSection
	GlobalSection(ProjectConfigurationPlatforms) = postSolution
		{AB44000A-3E5B-4FE5-A2F4-2DA14AF5F054}.Debug|Any CPU.ActiveCfg = Debug|Any CPU
		{AB44000A-3E5B-4FE5-A2F4-2DA14AF5F054}.Debug|Any CPU.Build.0 = Debug|Any CPU
		{AB44000A-3E5B-4FE5-A2F4-2DA14AF5F054}.Release|Any CPU.ActiveCfg = Release|Any CPU
		{AB44000A-3E5B-4FE5-A2F4-2DA14AF5F054}.Release|Any CPU.Build.0 = Release|Any CPU
	EndGlobalSection
	GlobalSection(SolutionProperties) = preSolution
		HideSolutionNode = FALSE
	EndGlobalSection
	GlobalSection(ExtensibilityGlobals) = postSolution
		SolutionGuid = {980EE0B0-8796-470C-B64F-B9A0B6671B79}
	EndGlobalSection
EndGlobal
